
Microsoft Visual Studio Solution File, Format Version 12.00
# Visual Studio Version 16
VisualStudioVersion = 16.0.32126.315
MinimumVisualStudioVersion = 10.0.40219.1
Project("{FAE04EC0-301F-11D3-BF4B-00C04F79EFBC}") = "_153504_Puhov", "_153504_Puhov\_153504_Puhov.csproj", "{962B3D20-376F-4847-A0E4-D2590106A5A9}"
EndProject
Global
	GlobalSection(SolutionConfigurationPlatforms) = preSolution
		Debug|Any CPU = Debug|Any CPU
		Release|Any CPU = Release|Any CPU
	EndGlobalSection
	GlobalSection(ProjectConfigurationPlatforms) = postSolution
		{962B3D20-376F-4847-A0E4-D2590106A5A9}.Debug|Any CPU.ActiveCfg = Debug|Any CPU
		{962B3D20-376F-4847-A0E4-D2590106A5A9}.Debug|Any CPU.Build.0 = Debug|Any CPU
		{962B3D20-376F-4847-A0E4-D2590106A5A9}.Release|Any CPU.ActiveCfg = Release|Any CPU
		{962B3D20-376F-4847-A0E4-D2590106A5A9}.Release|Any CPU.Build.0 = Release|Any CPU
	EndGlobalSection
	GlobalSection(SolutionProperties) = preSolution
		HideSolutionNode = FALSE
	EndGlobalSection
	GlobalSection(ExtensibilityGlobals) = postSolution
		SolutionGuid = {04C205DE-80C7-43FA-9E86-50ECC915CDD5}
	EndGlobalSection
EndGlobal
