
Microsoft Visual Studio Solution File, Format Version 12.00
# Visual Studio Version 16
VisualStudioVersion = 16.0.32106.194
MinimumVisualStudioVersion = 10.0.40219.1
Project("{FAE04EC0-301F-11D3-BF4B-00C04F79EFBC}") = "5", "5\5.csproj", "{18EDA877-D11A-4353-8F6F-1E232CAF4C29}"
EndProject
Global
	GlobalSection(SolutionConfigurationPlatforms) = preSolution
		Debug|Any CPU = Debug|Any CPU
		Release|Any CPU = Release|Any CPU
	EndGlobalSection
	GlobalSection(ProjectConfigurationPlatforms) = postSolution
		{18EDA877-D11A-4353-8F6F-1E232CAF4C29}.Debug|Any CPU.ActiveCfg = Debug|Any CPU
		{18EDA877-D11A-4353-8F6F-1E232CAF4C29}.Debug|Any CPU.Build.0 = Debug|Any CPU
		{18EDA877-D11A-4353-8F6F-1E232CAF4C29}.Release|Any CPU.ActiveCfg = Release|Any CPU
		{18EDA877-D11A-4353-8F6F-1E232CAF4C29}.Release|Any CPU.Build.0 = Release|Any CPU
	EndGlobalSection
	GlobalSection(SolutionProperties) = preSolution
		HideSolutionNode = FALSE
	EndGlobalSection
	GlobalSection(ExtensibilityGlobals) = postSolution
		SolutionGuid = {F6D573C6-8B75-448D-AA28-14EDC7BD3E01}
	EndGlobalSection
EndGlobal
